<?xml version="1.0" encoding="utf-8"?>
<Project ToolsVersion="4.0" xmlns="http://schemas.microsoft.com/developer/msbuild/2003">
  <ItemGroup>
    <Filter Include="源文件">
      <UniqueIdentifier>{4FC737F1-C7A5-4376-A066-2A32D752A2FF}</UniqueIdentifier>
      <Extensions>cpp;c;cc;cxx;def;odl;idl;hpj;bat;asm;asmx</Extensions>
    </Filter>
    <Filter Include="头文件">
      <UniqueIdentifier>{93995380-89BD-4b04-88EB-625FBE52EBFB}</UniqueIdentifier>
      <Extensions>h;hh;hpp;hxx;hm;inl;inc;xsd</Extensions>
    </Filter>
    <Filter Include="资源文件">
      <UniqueIdentifier>{67DA6AB6-F800-4c08-8B7A-83BB121AAD01}</UniqueIdentifier>
      <Extensions>rc;ico;cur;bmp;dlg;rc2;rct;bin;rgs;gif;jpg;jpeg;jpe;resx;tiff;tif;png;wav;mfcribbon-ms</Extensions>
    </Filter>
    <Filter Include="Framework">
      <UniqueIdentifier>{e672db6e-d241-43d0-af19-1c278c34d282}</UniqueIdentifier>
    </Filter>
    <Filter Include="Base">
      <UniqueIdentifier>{ff216131-e30d-4b93-8dc7-14c8f71270ff}</UniqueIdentifier>
    </Filter>
    <Filter Include="Game">
      <UniqueIdentifier>{97e58f34-76c4-4ab5-8a20-149e191e7fc2}</UniqueIdentifier>
    </Filter>
    <Filter Include="Game\UI">
      <UniqueIdentifier>{cc662fb6-d47b-4c56-8ed1-2a3f9b764897}</UniqueIdentifier>
    </Filter>
    <Filter Include="Game\Data">
      <UniqueIdentifier>{5a5a3bff-e087-4287-91e2-f07f2834e93c}</UniqueIdentifier>
    </Filter>
    <Filter Include="Game\Data\Item">
      <UniqueIdentifier>{3ed3a0d2-ec43-44b1-873c-d29ae46f65f6}</UniqueIdentifier>
    </Filter>
    <Filter Include="Game\Data\Actor">
      <UniqueIdentifier>{f3b222c0-bef6-4aa9-9e07-23c85379e257}</UniqueIdentifier>
    </Filter>
    <Filter Include="Game\Data\Actor\Player">
      <UniqueIdentifier>{3373c040-6255-4cb9-9496-200667dc31d7}</UniqueIdentifier>
    </Filter>
    <Filter Include="Game\Data\Actor\Player\Skill">
      <UniqueIdentifier>{fcf9a914-85bb-4d96-85d0-f3b58082151b}</UniqueIdentifier>
    </Filter>
    <Filter Include="Game\Data\Actor\Player\Bag">
      <UniqueIdentifier>{807e9290-1721-4703-807c-973a1915baae}</UniqueIdentifier>
    </Filter>
    <Filter Include="Game\Data\Actor\Player\Equipment">
      <UniqueIdentifier>{65c67196-c9fa-4d99-b5d2-b2bba3709213}</UniqueIdentifier>
    </Filter>
    <Filter Include="Game\Manager">
      <UniqueIdentifier>{8e9c95c2-48b1-4c1f-b688-5ba55327899f}</UniqueIdentifier>
    </Filter>
    <Filter Include="Game\Config">
      <UniqueIdentifier>{cef2a378-8f14-4d37-95fc-b7d8eebf34fb}</UniqueIdentifier>
    </Filter>
    <Filter Include="Game\Config\proto">
      <UniqueIdentifier>{523ef514-f17d-48b3-aaab-8e8091135a4d}</UniqueIdentifier>
    </Filter>
    <Filter Include="Game\Hander">
      <UniqueIdentifier>{b28fe9b4-4882-4fb0-90ad-ed54daa8375a}</UniqueIdentifier>
    </Filter>
    <Filter Include="Game\UI\Frame">
      <UniqueIdentifier>{f8d0bf0d-79de-42c2-a2b8-2b6996f36600}</UniqueIdentifier>
    </Filter>
    <Filter Include="Game\Manager\Shop">
      <UniqueIdentifier>{9c82482c-2c44-4747-82bc-8068275c9a8f}</UniqueIdentifier>
    </Filter>
    <Filter Include="Game\UI\Frame\MainFrame">
      <UniqueIdentifier>{a033c2cb-ea3b-45c1-be85-a55bbbea7b68}</UniqueIdentifier>
    </Filter>
    <Filter Include="Game\UI\Frame\MainFrame\FrameWithOption">
      <UniqueIdentifier>{5f4fffbc-0c2d-4a44-8bee-69907d155717}</UniqueIdentifier>
    </Filter>
    <Filter Include="Game\UI\Frame\MainFrame\FrameWithOption\ItemFrame">
      <UniqueIdentifier>{efb0a965-143c-411f-be1a-d835d82a9860}</UniqueIdentifier>
    </Filter>
    <Filter Include="Game\UI\Frame\MainFrame\FrameWithOption\ShopFrame">
      <UniqueIdentifier>{f5310251-5c99-4323-83d9-4f915a704c28}</UniqueIdentifier>
    </Filter>
    <Filter Include="Game\UI\Frame\MainFrame\FrameWithOption\PlayerFrame">
      <UniqueIdentifier>{d171b03c-dba0-49b5-b85e-9eb03682afc8}</UniqueIdentifier>
    </Filter>
    <Filter Include="Game\Hander\ManagerHandler">
      <UniqueIdentifier>{212bf255-282b-422e-aaa9-4dbc4749b3a5}</UniqueIdentifier>
    </Filter>
    <Filter Include="Game\Data\Map">
      <UniqueIdentifier>{ecfc70fd-f36a-4a56-b314-d1a8060e9ab5}</UniqueIdentifier>
    </Filter>
    <Filter Include="Game\Data\Map\NewFilter1">
      <UniqueIdentifier>{e9581b39-fa6a-4646-b1ec-5b49234b8ebb}</UniqueIdentifier>
    </Filter>
  </ItemGroup>
  <ItemGroup>
    <ClCompile Include="main.cpp">
      <Filter>源文件</Filter>
    </ClCompile>
    <ClCompile Include="Rsp.cpp">
      <Filter>Framework</Filter>
    </ClCompile>
    <ClCompile Include="Req.cpp">
      <Filter>Framework</Filter>
    </ClCompile>
    <ClCompile Include="Config.cpp">
      <Filter>Framework</Filter>
    </ClCompile>
    <ClCompile Include="UIBase.cpp">
      <Filter>Base</Filter>
    </ClCompile>
    <ClCompile Include="proto\src\proto\dataconfig_frame.pb.cc">
      <Filter>Game\Config\proto</Filter>
    </ClCompile>
    <ClCompile Include="Player.cpp">
      <Filter>Game\Data\Actor\Player</Filter>
    </ClCompile>
    <ClCompile Include="PlayerLoader.cpp">
      <Filter>Game\Data\Actor\Player</Filter>
    </ClCompile>
    <ClCompile Include="Item.cpp">
      <Filter>Game\Data\Item</Filter>
    </ClCompile>
    <ClCompile Include="Skill.cpp">
      <Filter>Game\Data\Actor\Player\Skill</Filter>
    </ClCompile>
    <ClCompile Include="SkillData.cpp">
      <Filter>Game\Data\Actor\Player\Skill</Filter>
    </ClCompile>
    <ClCompile Include="Equipment.cpp">
      <Filter>Game\Data\Actor\Player\Equipment</Filter>
    </ClCompile>
    <ClCompile Include="BagFrame.cpp">
      <Filter>Game\UI\Frame\MainFrame\FrameWithOption\PlayerFrame</Filter>
    </ClCompile>
    <ClCompile Include="Actor.cpp">
      <Filter>Game\Data\Actor</Filter>
    </ClCompile>
    <ClCompile Include="PlayerManager.cpp">
      <Filter>Game\Manager</Filter>
    </ClCompile>
    <ClCompile Include="App.cpp">
      <Filter>Framework</Filter>
    </ClCompile>
    <ClCompile Include="ItemFrame.cpp">
      <Filter>Game\UI\Frame\MainFrame\FrameWithOption\ItemFrame</Filter>
    </ClCompile>
    <ClCompile Include="proto\src\proto\dataconfig_item.pb.cc">
      <Filter>Game\Config\proto</Filter>
    </ClCompile>
    <ClCompile Include="FrameLoader.cpp">
      <Filter>Game\UI\Frame</Filter>
    </ClCompile>
    <ClCompile Include="Platform.cpp">
      <Filter>Base</Filter>
    </ClCompile>
    <ClCompile Include="ItemLoader.cpp">
      <Filter>Game\Data\Item</Filter>
    </ClCompile>
    <ClCompile Include="ItemManager.cpp">
      <Filter>Game\Manager</Filter>
    </ClCompile>
    <ClCompile Include="Hander.cpp">
      <Filter>Framework</Filter>
    </ClCompile>
    <ClCompile Include="ShopFrame.cpp">
      <Filter>Game\UI\Frame\MainFrame\FrameWithOption\ShopFrame</Filter>
    </ClCompile>
    <ClCompile Include="TestUnit.cpp">
      <Filter>源文件</Filter>
    </ClCompile>
    <ClCompile Include="StrUtil.cpp">
      <Filter>Base</Filter>
    </ClCompile>
    <ClCompile Include="ShopManager.cpp">
      <Filter>Game\Manager\Shop</Filter>
    </ClCompile>
    <ClCompile Include="Goods.cpp">
      <Filter>Game\Manager\Shop</Filter>
    </ClCompile>
    <ClCompile Include="Container.cpp">
      <Filter>Game\Data\Actor\Player\Bag</Filter>
    </ClCompile>
    <ClCompile Include="PropertyFrame.cpp">
      <Filter>Game\UI\Frame\MainFrame</Filter>
    </ClCompile>
    <ClCompile Include="FrameWithOption.cpp">
      <Filter>Game\UI\Frame\MainFrame</Filter>
    </ClCompile>
    <ClCompile Include="Frame.cpp">
      <Filter>Game\UI\Frame</Filter>
    </ClCompile>
    <ClCompile Include="ShopItemFrame.cpp">
      <Filter>Game\UI\Frame\MainFrame\FrameWithOption\ShopFrame</Filter>
    </ClCompile>
    <ClCompile Include="Notify.cpp">
      <Filter>Framework</Filter>
    </ClCompile>
    <ClCompile Include="ArrowManager.cpp">
      <Filter>Game\UI\Frame</Filter>
    </ClCompile>
    <ClCompile Include="TipsFrame.cpp">
      <Filter>Game\UI\Frame\MainFrame</Filter>
    </ClCompile>
    <ClCompile Include="Unit.cpp">
      <Filter>源文件</Filter>
    </ClCompile>
    <ClCompile Include="Bag.cpp">
      <Filter>源文件</Filter>
    </ClCompile>
    <ClCompile Include="Shop.cpp">
      <Filter>Game\Manager\Shop</Filter>
    </ClCompile>
    <ClCompile Include="HomeManager.cpp">
      <Filter>源文件</Filter>
    </ClCompile>
    <ClCompile Include="Manager.cpp">
      <Filter>源文件</Filter>
    </ClCompile>
    <ClCompile Include="FrameHandler.cpp">
      <Filter>Game\Hander</Filter>
    </ClCompile>
    <ClCompile Include="HomeHandler.cpp">
      <Filter>Game\Hander\ManagerHandler</Filter>
    </ClCompile>
    <ClCompile Include="PlayerHandler.cpp">
      <Filter>Game\Hander\ManagerHandler</Filter>
    </ClCompile>
    <ClCompile Include="ShopHandler.cpp">
      <Filter>Game\Hander\ManagerHandler</Filter>
    </ClCompile>
    <ClCompile Include="ManagerHandler.cpp">
      <Filter>Game\Hander\ManagerHandler</Filter>
    </ClCompile>
    <ClCompile Include="FileUtil.cpp">
      <Filter>Base</Filter>
    </ClCompile>
    <ClCompile Include="Log.cpp">
      <Filter>Base</Filter>
    </ClCompile>
    <ClCompile Include="MapManager.cpp">
      <Filter>源文件</Filter>
    </ClCompile>
    <ClCompile Include="MapHandler.cpp">
      <Filter>源文件</Filter>
    </ClCompile>
    <ClCompile Include="proto\src\proto\dataconfig_drop.pb.cc">
      <Filter>Game\Config\proto</Filter>
    </ClCompile>
    <ClCompile Include="proto\src\proto\dataconfig_map.pb.cc">
      <Filter>Game\Config\proto</Filter>
    </ClCompile>
    <ClCompile Include="proto\src\proto\dataconfig_monster.pb.cc">
      <Filter>Game\Config\proto</Filter>
    </ClCompile>
    <ClCompile Include="DropLoader.cpp">
      <Filter>源文件</Filter>
    </ClCompile>
    <ClCompile Include="MonsterLoader.cpp">
      <Filter>源文件</Filter>
    </ClCompile>
    <ClCompile Include="MapLoader.cpp">
      <Filter>源文件</Filter>
    </ClCompile>
    <ClCompile Include="Map.cpp">
      <Filter>源文件</Filter>
    </ClCompile>
    <ClCompile Include="Loader.cpp">
      <Filter>源文件</Filter>
    </ClCompile>
  </ItemGroup>
  <ItemGroup>
    <ClInclude Include="Rsp.h">
      <Filter>Framework</Filter>
    </ClInclude>
    <ClInclude Include="Req.h">
      <Filter>Framework</Filter>
    </ClInclude>
    <ClInclude Include="Config.h">
      <Filter>Framework</Filter>
    </ClInclude>
    <ClInclude Include="UIBase.h">
      <Filter>Base</Filter>
    </ClInclude>
    <ClInclude Include="Singleton.h">
      <Filter>Base</Filter>
    </ClInclude>
    <ClInclude Include="Cmd.h">
      <Filter>Framework</Filter>
    </ClInclude>
    <ClInclude Include="proto\src\proto\dataconfig_frame.pb.h">
      <Filter>Game\Config\proto</Filter>
    </ClInclude>
    <ClInclude Include="Player.h">
      <Filter>Game\Data\Actor\Player</Filter>
    </ClInclude>
    <ClInclude Include="PlayerLoader.h">
      <Filter>Game\Data\Actor\Player</Filter>
    </ClInclude>
    <ClInclude Include="Item.h">
      <Filter>Game\Data\Item</Filter>
    </ClInclude>
    <ClInclude Include="Skill.h">
      <Filter>Game\Data\Actor\Player\Skill</Filter>
    </ClInclude>
    <ClInclude Include="SkillData.h">
      <Filter>Game\Data\Actor\Player\Skill</Filter>
    </ClInclude>
    <ClInclude Include="Equipment.h">
      <Filter>Game\Data\Actor\Player\Equipment</Filter>
    </ClInclude>
    <ClInclude Include="BagFrame.h">
      <Filter>Game\UI\Frame\MainFrame\FrameWithOption\PlayerFrame</Filter>
    </ClInclude>
    <ClInclude Include="Actor.h">
      <Filter>Game\Data\Actor</Filter>
    </ClInclude>
    <ClInclude Include="Struct.h">
      <Filter>Game\Data</Filter>
    </ClInclude>
    <ClInclude Include="PlayerManager.h">
      <Filter>Game\Manager</Filter>
    </ClInclude>
    <ClInclude Include="App.h">
      <Filter>Framework</Filter>
    </ClInclude>
    <ClInclude Include="Platform.h">
      <Filter>Base</Filter>
    </ClInclude>
    <ClInclude Include="ItemFrame.h">
      <Filter>Game\UI\Frame\MainFrame\FrameWithOption\ItemFrame</Filter>
    </ClInclude>
    <ClInclude Include="proto\src\proto\dataconfig_item.pb.h">
      <Filter>Game\Config\proto</Filter>
    </ClInclude>
    <ClInclude Include="FrameLoader.h">
      <Filter>Game\UI\Frame</Filter>
    </ClInclude>
    <ClInclude Include="ItemLoader.h">
      <Filter>Game\Data\Item</Filter>
    </ClInclude>
    <ClInclude Include="ItemManager.h">
      <Filter>Game\Manager</Filter>
    </ClInclude>
    <ClInclude Include="Hander.h">
      <Filter>Framework</Filter>
    </ClInclude>
    <ClInclude Include="Pointer.h">
      <Filter>头文件</Filter>
    </ClInclude>
    <ClInclude Include="ShopFrame.h">
      <Filter>Game\UI\Frame\MainFrame\FrameWithOption\ShopFrame</Filter>
    </ClInclude>
    <ClInclude Include="TestUnit.h">
      <Filter>头文件</Filter>
    </ClInclude>
    <ClInclude Include="StrUtil.h">
      <Filter>Base</Filter>
    </ClInclude>
    <ClInclude Include="ShopManager.h">
      <Filter>Game\Manager\Shop</Filter>
    </ClInclude>
    <ClInclude Include="Goods.h">
      <Filter>Game\Manager\Shop</Filter>
    </ClInclude>
    <ClInclude Include="Container.h">
      <Filter>Game\Data\Actor\Player\Bag</Filter>
    </ClInclude>
    <ClInclude Include="FrameStruct.h">
      <Filter>Game\Data</Filter>
    </ClInclude>
    <ClInclude Include="ManagerData.h">
      <Filter>Game\Data</Filter>
    </ClInclude>
    <ClInclude Include="PropertyFrame.h">
      <Filter>Game\UI\Frame\MainFrame</Filter>
    </ClInclude>
    <ClInclude Include="FrameWithOption.h">
      <Filter>Game\UI\Frame\MainFrame</Filter>
    </ClInclude>
    <ClInclude Include="Frame.h">
      <Filter>Game\UI\Frame</Filter>
    </ClInclude>
    <ClInclude Include="ShopItemFrame.h">
      <Filter>Game\UI\Frame\MainFrame\FrameWithOption\ShopFrame</Filter>
    </ClInclude>
    <ClInclude Include="Notify.h">
      <Filter>Framework</Filter>
    </ClInclude>
    <ClInclude Include="ArrowManager.h">
      <Filter>Game\UI\Frame</Filter>
    </ClInclude>
    <ClInclude Include="PlayerData.h">
      <Filter>Game\Manager</Filter>
    </ClInclude>
    <ClInclude Include="ContainerData.h">
      <Filter>Game\Data</Filter>
    </ClInclude>
    <ClInclude Include="TipsFrame.h">
      <Filter>Game\UI\Frame\MainFrame</Filter>
    </ClInclude>
    <ClInclude Include="Unit.h">
      <Filter>头文件</Filter>
    </ClInclude>
    <ClInclude Include="Bag.h">
      <Filter>头文件</Filter>
    </ClInclude>
    <ClInclude Include="Shop.h">
      <Filter>Game\Manager\Shop</Filter>
    </ClInclude>
    <ClInclude Include="HomeManager.h">
      <Filter>头文件</Filter>
    </ClInclude>
    <ClInclude Include="Manager.h">
      <Filter>头文件</Filter>
    </ClInclude>
    <ClInclude Include="FrameHandler.h">
      <Filter>Game\Hander</Filter>
    </ClInclude>
    <ClInclude Include="HomeHandler.h">
      <Filter>Game\Hander\ManagerHandler</Filter>
    </ClInclude>
    <ClInclude Include="ManagerInstance.h">
      <Filter>Game\Hander\ManagerHandler</Filter>
    </ClInclude>
    <ClInclude Include="PlayerHandler.h">
      <Filter>Game\Hander\ManagerHandler</Filter>
    </ClInclude>
    <ClInclude Include="ShopHandler.h">
      <Filter>Game\Hander\ManagerHandler</Filter>
    </ClInclude>
    <ClInclude Include="ManagerHandler.h">
      <Filter>Game\Hander\ManagerHandler</Filter>
    </ClInclude>
    <ClInclude Include="FileUtil.h">
      <Filter>Base</Filter>
    </ClInclude>
    <ClInclude Include="Log.h">
      <Filter>Base</Filter>
    </ClInclude>
    <ClInclude Include="MapManager.h">
      <Filter>头文件</Filter>
    </ClInclude>
    <ClInclude Include="MapHandler.h">
      <Filter>头文件</Filter>
    </ClInclude>
    <ClInclude Include="proto\src\proto\dataconfig_drop.pb.h">
      <Filter>Game\Config\proto</Filter>
    </ClInclude>
    <ClInclude Include="proto\src\proto\dataconfig_map.pb.h">
      <Filter>Game\Config\proto</Filter>
    </ClInclude>
    <ClInclude Include="proto\src\proto\dataconfig_monster.pb.h">
      <Filter>Game\Config\proto</Filter>
    </ClInclude>
    <ClInclude Include="DropLoader.h">
      <Filter>头文件</Filter>
    </ClInclude>
    <ClInclude Include="MonsterLoader.h">
      <Filter>头文件</Filter>
    </ClInclude>
    <ClInclude Include="MapLoader.h">
      <Filter>头文件</Filter>
    </ClInclude>
    <ClInclude Include="Map.h">
      <Filter>头文件</Filter>
    </ClInclude>
    <ClInclude Include="Loader.h">
      <Filter>头文件</Filter>
    </ClInclude>
  </ItemGroup>
</Project>