<?xml version="1.0" encoding="utf-8"?>
<Project ToolsVersion="4.0" xmlns="http://schemas.microsoft.com/developer/msbuild/2003">
  <ItemGroup>
    <Filter Include="源文件">
      <UniqueIdentifier>{4FC737F1-C7A5-4376-A066-2A32D752A2FF}</UniqueIdentifier>
      <Extensions>cpp;c;cc;cxx;def;odl;idl;hpj;bat;asm;asmx</Extensions>
    </Filter>
    <Filter Include="头文件">
      <UniqueIdentifier>{93995380-89BD-4b04-88EB-625FBE52EBFB}</UniqueIdentifier>
      <Extensions>h;hh;hpp;hxx;hm;inl;inc;xsd</Extensions>
    </Filter>
    <Filter Include="资源文件">
      <UniqueIdentifier>{67DA6AB6-F800-4c08-8B7A-83BB121AAD01}</UniqueIdentifier>
      <Extensions>rc;ico;cur;bmp;dlg;rc2;rct;bin;rgs;gif;jpg;jpeg;jpe;resx;tiff;tif;png;wav;mfcribbon-ms</Extensions>
    </Filter>
    <Filter Include="proto">
      <UniqueIdentifier>{523ef514-f17d-48b3-aaab-8e8091135a4d}</UniqueIdentifier>
    </Filter>
    <Filter Include="Framework">
      <UniqueIdentifier>{e672db6e-d241-43d0-af19-1c278c34d282}</UniqueIdentifier>
    </Filter>
    <Filter Include="Base">
      <UniqueIdentifier>{ff216131-e30d-4b93-8dc7-14c8f71270ff}</UniqueIdentifier>
    </Filter>
    <Filter Include="Manager">
      <UniqueIdentifier>{8e9c95c2-48b1-4c1f-b688-5ba55327899f}</UniqueIdentifier>
    </Filter>
    <Filter Include="Manager\Frame">
      <UniqueIdentifier>{cc662fb6-d47b-4c56-8ed1-2a3f9b764897}</UniqueIdentifier>
    </Filter>
    <Filter Include="Manager\Event">
      <UniqueIdentifier>{5bf5f736-60d5-4353-9eaa-21010e087314}</UniqueIdentifier>
    </Filter>
  </ItemGroup>
  <ItemGroup>
    <ClCompile Include="main.cpp">
      <Filter>源文件</Filter>
    </ClCompile>
    <ClCompile Include="FrameManager.cpp">
      <Filter>Manager\Frame</Filter>
    </ClCompile>
    <ClCompile Include="Frame.cpp">
      <Filter>Manager\Frame</Filter>
    </ClCompile>
    <ClCompile Include="Manager.cpp">
      <Filter>Framework</Filter>
    </ClCompile>
    <ClCompile Include="Rsp.cpp">
      <Filter>Framework</Filter>
    </ClCompile>
    <ClCompile Include="Req.cpp">
      <Filter>Framework</Filter>
    </ClCompile>
    <ClCompile Include="Config.cpp">
      <Filter>Framework</Filter>
    </ClCompile>
    <ClCompile Include="App.cpp">
      <Filter>源文件</Filter>
    </ClCompile>
    <ClCompile Include="UIBase.cpp">
      <Filter>Base</Filter>
    </ClCompile>
    <ClCompile Include="Option.cpp">
      <Filter>Manager\Frame</Filter>
    </ClCompile>
    <ClCompile Include="FrameLoader.cpp">
      <Filter>Manager\Frame</Filter>
    </ClCompile>
    <ClCompile Include="Schedule.cpp">
      <Filter>源文件</Filter>
    </ClCompile>
    <ClCompile Include="Event.cpp">
      <Filter>Manager\Event</Filter>
    </ClCompile>
    <ClCompile Include="EventManager.cpp">
      <Filter>源文件</Filter>
    </ClCompile>
    <ClCompile Include="proto\src\proto\dataconfig_frame.pb.cc">
      <Filter>proto</Filter>
    </ClCompile>
  </ItemGroup>
  <ItemGroup>
    <ClInclude Include="FrameManager.h">
      <Filter>Manager\Frame</Filter>
    </ClInclude>
    <ClInclude Include="Frame.h">
      <Filter>Manager\Frame</Filter>
    </ClInclude>
    <ClInclude Include="Manager.h">
      <Filter>Framework</Filter>
    </ClInclude>
    <ClInclude Include="Rsp.h">
      <Filter>Framework</Filter>
    </ClInclude>
    <ClInclude Include="Req.h">
      <Filter>Framework</Filter>
    </ClInclude>
    <ClInclude Include="Config.h">
      <Filter>Framework</Filter>
    </ClInclude>
    <ClInclude Include="App.h">
      <Filter>头文件</Filter>
    </ClInclude>
    <ClInclude Include="UIBase.h">
      <Filter>Base</Filter>
    </ClInclude>
    <ClInclude Include="Singleton.h">
      <Filter>Base</Filter>
    </ClInclude>
    <ClInclude Include="Option.h">
      <Filter>Manager\Frame</Filter>
    </ClInclude>
    <ClInclude Include="FrameLoader.h">
      <Filter>Manager\Frame</Filter>
    </ClInclude>
    <ClInclude Include="Cmd.h">
      <Filter>Framework</Filter>
    </ClInclude>
    <ClInclude Include="Struct.h">
      <Filter>Manager\Frame</Filter>
    </ClInclude>
    <ClInclude Include="Schedule.h">
      <Filter>头文件</Filter>
    </ClInclude>
    <ClInclude Include="Event.h">
      <Filter>Manager\Event</Filter>
    </ClInclude>
    <ClInclude Include="EventManager.h">
      <Filter>头文件</Filter>
    </ClInclude>
    <ClInclude Include="proto\src\proto\dataconfig_frame.pb.h">
      <Filter>proto</Filter>
    </ClInclude>
  </ItemGroup>
</Project>